
Microsoft Visual Studio Solution File, Format Version 12.00
# Visual Studio Version 17
VisualStudioVersion = 17.7.34018.315
MinimumVisualStudioVersion = 10.0.40219.1
Project("{FAE04EC0-301F-11D3-BF4B-00C04F79EFBC}") = "Library", "Library\Library.csproj", "{461C34A6-0626-462F-B7BF-0525D59AF401}"
EndProject
Global
	GlobalSection(SolutionConfigurationPlatforms) = preSolution
		Debug|Any CPU = Debug|Any CPU
		Release|Any CPU = Release|Any CPU
	EndGlobalSection
	GlobalSection(ProjectConfigurationPlatforms) = postSolution
		{461C34A6-0626-462F-B7BF-0525D59AF401}.Debug|Any CPU.ActiveCfg = Debug|Any CPU
		{461C34A6-0626-462F-B7BF-0525D59AF401}.Debug|Any CPU.Build.0 = Debug|Any CPU
		{461C34A6-0626-462F-B7BF-0525D59AF401}.Release|Any CPU.ActiveCfg = Release|Any CPU
		{461C34A6-0626-462F-B7BF-0525D59AF401}.Release|Any CPU.Build.0 = Release|Any CPU
	EndGlobalSection
	GlobalSection(SolutionProperties) = preSolution
		HideSolutionNode = FALSE
	EndGlobalSection
	GlobalSection(ExtensibilityGlobals) = postSolution
		SolutionGuid = {01108888-E5B7-492E-899A-CEF72AB5B632}
	EndGlobalSection
EndGlobal
